// !$*UTF8*$!
{
	archiveVersion = 1;
	classes = {
	};
	objectVersion = 46;
	objects = {

/* Begin PBXBuildFile section */
		3928D3711C7B2DB8009339FA /* AppDelegate.swift in Sources */ = {isa = PBXBuildFile; fileRef = 3928D3701C7B2DB8009339FA /* AppDelegate.swift */; };
		3928D3781C7B2DB8009339FA /* Assets.xcassets in Resources */ = {isa = PBXBuildFile; fileRef = 3928D3771C7B2DB8009339FA /* Assets.xcassets */; };
		3928D37B1C7B2DB8009339FA /* LaunchScreen.storyboard in Resources */ = {isa = PBXBuildFile; fileRef = 3928D3791C7B2DB8009339FA /* LaunchScreen.storyboard */; };
		3928D3861C7B2DB8009339FA /* SpotifyLoginDemoTests.swift in Sources */ = {isa = PBXBuildFile; fileRef = 3928D3851C7B2DB8009339FA /* SpotifyLoginDemoTests.swift */; };
		3928D3911C7B2DB8009339FA /* SpotifyLoginDemoUITests.swift in Sources */ = {isa = PBXBuildFile; fileRef = 3928D3901C7B2DB8009339FA /* SpotifyLoginDemoUITests.swift */; };
		3928D3A01C7B2F99009339FA /* JCVideoController.swift in Sources */ = {isa = PBXBuildFile; fileRef = 3928D39E1C7B2F99009339FA /* JCVideoController.swift */; };
		39614D801C81282300347BF9 /* JCLoopView.swift in Sources */ = {isa = PBXBuildFile; fileRef = 39614D7F1C81282300347BF9 /* JCLoopView.swift */; };
		39FE88CA1C7C5409008CF33B /* m.mp4 in Resources */ = {isa = PBXBuildFile; fileRef = 39FE88C91C7C53EF008CF33B /* m.mp4 */; };
		39FE88CC1C7C56FE008CF33B /* WelcomeViewController.swift in Sources */ = {isa = PBXBuildFile; fileRef = 39FE88CB1C7C56FE008CF33B /* WelcomeViewController.swift */; };
		39FE89011C7C5D5A008CF33B /* LICENSE in Resources */ = {isa = PBXBuildFile; fileRef = 39FE88F21C7C5D5A008CF33B /* LICENSE */; };
		39FE89031C7C5D5A008CF33B /* Constraint.swift in Sources */ = {isa = PBXBuildFile; fileRef = 39FE88F51C7C5D5A008CF33B /* Constraint.swift */; };
		39FE89041C7C5D5A008CF33B /* ConstraintAttributes.swift in Sources */ = {isa = PBXBuildFile; fileRef = 39FE88F61C7C5D5A008CF33B /* ConstraintAttributes.swift */; };
		39FE89051C7C5D5A008CF33B /* ConstraintDescription.swift in Sources */ = {isa = PBXBuildFile; fileRef = 39FE88F71C7C5D5A008CF33B /* ConstraintDescription.swift */; };
		39FE89061C7C5D5A008CF33B /* ConstraintItem.swift in Sources */ = {isa = PBXBuildFile; fileRef = 39FE88F81C7C5D5A008CF33B /* ConstraintItem.swift */; };
		39FE89071C7C5D5A008CF33B /* ConstraintMaker.swift in Sources */ = {isa = PBXBuildFile; fileRef = 39FE88F91C7C5D5A008CF33B /* ConstraintMaker.swift */; };
		39FE89081C7C5D5A008CF33B /* ConstraintRelation.swift in Sources */ = {isa = PBXBuildFile; fileRef = 39FE88FA1C7C5D5A008CF33B /* ConstraintRelation.swift */; };
		39FE89091C7C5D5A008CF33B /* Debugging.swift in Sources */ = {isa = PBXBuildFile; fileRef = 39FE88FB1C7C5D5A008CF33B /* Debugging.swift */; };
		39FE890A1C7C5D5A008CF33B /* EdgeInsets.swift in Sources */ = {isa = PBXBuildFile; fileRef = 39FE88FC1C7C5D5A008CF33B /* EdgeInsets.swift */; };
		39FE890B1C7C5D5A008CF33B /* LayoutConstraint.swift in Sources */ = {isa = PBXBuildFile; fileRef = 39FE88FD1C7C5D5A008CF33B /* LayoutConstraint.swift */; };
		39FE890C1C7C5D5A008CF33B /* SnapKit.swift in Sources */ = {isa = PBXBuildFile; fileRef = 39FE88FE1C7C5D5A008CF33B /* SnapKit.swift */; };
		39FE890D1C7C5D5A008CF33B /* View+SnapKit.swift in Sources */ = {isa = PBXBuildFile; fileRef = 39FE88FF1C7C5D5A008CF33B /* View+SnapKit.swift */; };
		39FE890E1C7C5D5A008CF33B /* ViewController+SnapKit.swift in Sources */ = {isa = PBXBuildFile; fileRef = 39FE89001C7C5D5A008CF33B /* ViewController+SnapKit.swift */; };
/* End PBXBuildFile section */

/* Begin PBXContainerItemProxy section */
		3928D3821C7B2DB8009339FA /* PBXContainerItemProxy */ = {
			isa = PBXContainerItemProxy;
			containerPortal = 3928D3651C7B2DB8009339FA /* Project object */;
			proxyType = 1;
			remoteGlobalIDString = 3928D36C1C7B2DB8009339FA;
			remoteInfo = SpotifyLoginDemo;
		};
		3928D38D1C7B2DB8009339FA /* PBXContainerItemProxy */ = {
			isa = PBXContainerItemProxy;
			containerPortal = 3928D3651C7B2DB8009339FA /* Project object */;
			proxyType = 1;
			remoteGlobalIDString = 3928D36C1C7B2DB8009339FA;
			remoteInfo = SpotifyLoginDemo;
		};
/* End PBXContainerItemProxy section */

/* Begin PBXFileReference section */
		3928D36D1C7B2DB8009339FA /* SpotifyLoginDemo.app */ = {isa = PBXFileReference; explicitFileType = wrapper.application; includeInIndex = 0; path = SpotifyLoginDemo.app; sourceTree = BUILT_PRODUCTS_DIR; };
		3928D3701C7B2DB8009339FA /* AppDelegate.swift */ = {isa = PBXFileReference; lastKnownFileType = sourcecode.swift; path = AppDelegate.swift; sourceTree = "<group>"; };
		3928D3771C7B2DB8009339FA /* Assets.xcassets */ = {isa = PBXFileReference; lastKnownFileType = folder.assetcatalog; path = Assets.xcassets; sourceTree = "<group>"; };
		3928D37A1C7B2DB8009339FA /* Base */ = {isa = PBXFileReference; lastKnownFileType = file.storyboard; name = Base; path = Base.lproj/LaunchScreen.storyboard; sourceTree = "<group>"; };
		3928D37C1C7B2DB8009339FA /* Info.plist */ = {isa = PBXFileReference; lastKnownFileType = text.plist.xml; path = Info.plist; sourceTree = "<group>"; };
		3928D3811C7B2DB8009339FA /* SpotifyLoginDemoTests.xctest */ = {isa = PBXFileReference; explicitFileType = wrapper.cfbundle; includeInIndex = 0; path = SpotifyLoginDemoTests.xctest; sourceTree = BUILT_PRODUCTS_DIR; };
		3928D3851C7B2DB8009339FA /* SpotifyLoginDemoTests.swift */ = {isa = PBXFileReference; lastKnownFileType = sourcecode.swift; path = SpotifyLoginDemoTests.swift; sourceTree = "<group>"; };
		3928D3871C7B2DB8009339FA /* Info.plist */ = {isa = PBXFileReference; lastKnownFileType = text.plist.xml; path = Info.plist; sourceTree = "<group>"; };
		3928D38C1C7B2DB8009339FA /* SpotifyLoginDemoUITests.xctest */ = {isa = PBXFileReference; explicitFileType = wrapper.cfbundle; includeInIndex = 0; path = SpotifyLoginDemoUITests.xctest; sourceTree = BUILT_PRODUCTS_DIR; };
		3928D3901C7B2DB8009339FA /* SpotifyLoginDemoUITests.swift */ = {isa = PBXFileReference; lastKnownFileType = sourcecode.swift; path = SpotifyLoginDemoUITests.swift; sourceTree = "<group>"; };
		3928D3921C7B2DB8009339FA /* Info.plist */ = {isa = PBXFileReference; lastKnownFileType = text.plist.xml; path = Info.plist; sourceTree = "<group>"; };
		3928D39E1C7B2F99009339FA /* JCVideoController.swift */ = {isa = PBXFileReference; fileEncoding = 4; lastKnownFileType = sourcecode.swift; path = JCVideoController.swift; sourceTree = "<group>"; };
		39614D7F1C81282300347BF9 /* JCLoopView.swift */ = {isa = PBXFileReference; fileEncoding = 4; lastKnownFileType = sourcecode.swift; path = JCLoopView.swift; sourceTree = "<group>"; };
		39FE88C91C7C53EF008CF33B /* m.mp4 */ = {isa = PBXFileReference; lastKnownFileType = file; path = m.mp4; sourceTree = "<group>"; };
		39FE88CB1C7C56FE008CF33B /* WelcomeViewController.swift */ = {isa = PBXFileReference; fileEncoding = 4; lastKnownFileType = sourcecode.swift; path = WelcomeViewController.swift; sourceTree = "<group>"; };
		39FE88F21C7C5D5A008CF33B /* LICENSE */ = {isa = PBXFileReference; fileEncoding = 4; lastKnownFileType = text; path = LICENSE; sourceTree = "<group>"; };
		39FE88F51C7C5D5A008CF33B /* Constraint.swift */ = {isa = PBXFileReference; fileEncoding = 4; lastKnownFileType = sourcecode.swift; path = Constraint.swift; sourceTree = "<group>"; };
		39FE88F61C7C5D5A008CF33B /* ConstraintAttributes.swift */ = {isa = PBXFileReference; fileEncoding = 4; lastKnownFileType = sourcecode.swift; path = ConstraintAttributes.swift; sourceTree = "<group>"; };
		39FE88F71C7C5D5A008CF33B /* ConstraintDescription.swift */ = {isa = PBXFileReference; fileEncoding = 4; lastKnownFileType = sourcecode.swift; path = ConstraintDescription.swift; sourceTree = "<group>"; };
		39FE88F81C7C5D5A008CF33B /* ConstraintItem.swift */ = {isa = PBXFileReference; fileEncoding = 4; lastKnownFileType = sourcecode.swift; path = ConstraintItem.swift; sourceTree = "<group>"; };
		39FE88F91C7C5D5A008CF33B /* ConstraintMaker.swift */ = {isa = PBXFileReference; fileEncoding = 4; lastKnownFileType = sourcecode.swift; path = ConstraintMaker.swift; sourceTree = "<group>"; };
		39FE88FA1C7C5D5A008CF33B /* ConstraintRelation.swift */ = {isa = PBXFileReference; fileEncoding = 4; lastKnownFileType = sourcecode.swift; path = ConstraintRelation.swift; sourceTree = "<group>"; };
		39FE88FB1C7C5D5A008CF33B /* Debugging.swift */ = {isa = PBXFileReference; fileEncoding = 4; lastKnownFileType = sourcecode.swift; path = Debugging.swift; sourceTree = "<group>"; };
		39FE88FC1C7C5D5A008CF33B /* EdgeInsets.swift */ = {isa = PBXFileReference; fileEncoding = 4; lastKnownFileType = sourcecode.swift; path = EdgeInsets.swift; sourceTree = "<group>"; };
		39FE88FD1C7C5D5A008CF33B /* LayoutConstraint.swift */ = {isa = PBXFileReference; fileEncoding = 4; lastKnownFileType = sourcecode.swift; path = LayoutConstraint.swift; sourceTree = "<group>"; };
		39FE88FE1C7C5D5A008CF33B /* SnapKit.swift */ = {isa = PBXFileReference; fileEncoding = 4; lastKnownFileType = sourcecode.swift; path = SnapKit.swift; sourceTree = "<group>"; };
		39FE88FF1C7C5D5A008CF33B /* View+SnapKit.swift */ = {isa = PBXFileReference; fileEncoding = 4; lastKnownFileType = sourcecode.swift; path = "View+SnapKit.swift"; sourceTree = "<group>"; };
		39FE89001C7C5D5A008CF33B /* ViewController+SnapKit.swift */ = {isa = PBXFileReference; fileEncoding = 4; lastKnownFileType = sourcecode.swift; path = "ViewController+SnapKit.swift"; sourceTree = "<group>"; };
/* End PBXFileReference section */

/* Begin PBXFrameworksBuildPhase section */
		3928D36A1C7B2DB8009339FA /* Frameworks */ = {
			isa = PBXFrameworksBuildPhase;
			buildActionMask = 2147483647;
			files = (
			);
			runOnlyForDeploymentPostprocessing = 0;
		};
		3928D37E1C7B2DB8009339FA /* Frameworks */ = {
			isa = PBXFrameworksBuildPhase;
			buildActionMask = 2147483647;
			files = (
			);
			runOnlyForDeploymentPostprocessing = 0;
		};
		3928D3891C7B2DB8009339FA /* Frameworks */ = {
			isa = PBXFrameworksBuildPhase;
			buildActionMask = 2147483647;
			files = (
			);
			runOnlyForDeploymentPostprocessing = 0;
		};
/* End PBXFrameworksBuildPhase section */

/* Begin PBXGroup section */
		3928D3641C7B2DB8009339FA = {
			isa = PBXGroup;
			children = (
				3928D36F1C7B2DB8009339FA /* SpotifyLoginDemo */,
				3928D3841C7B2DB8009339FA /* SpotifyLoginDemoTests */,
				3928D38F1C7B2DB8009339FA /* SpotifyLoginDemoUITests */,
				3928D36E1C7B2DB8009339FA /* Products */,
			);
			sourceTree = "<group>";
		};
		3928D36E1C7B2DB8009339FA /* Products */ = {
			isa = PBXGroup;
			children = (
				3928D36D1C7B2DB8009339FA /* SpotifyLoginDemo.app */,
				3928D3811C7B2DB8009339FA /* SpotifyLoginDemoTests.xctest */,
				3928D38C1C7B2DB8009339FA /* SpotifyLoginDemoUITests.xctest */,
			);
			name = Products;
			sourceTree = "<group>";
		};
		3928D36F1C7B2DB8009339FA /* SpotifyLoginDemo */ = {
			isa = PBXGroup;
			children = (
				39FE88F11C7C5D5A008CF33B /* SnapKit */,
				39FE88C91C7C53EF008CF33B /* m.mp4 */,
				3928D3701C7B2DB8009339FA /* AppDelegate.swift */,
				3928D39E1C7B2F99009339FA /* JCVideoController.swift */,
				39FE88CB1C7C56FE008CF33B /* WelcomeViewController.swift */,
				39614D7F1C81282300347BF9 /* JCLoopView.swift */,
				3928D3771C7B2DB8009339FA /* Assets.xcassets */,
				3928D3791C7B2DB8009339FA /* LaunchScreen.storyboard */,
				3928D37C1C7B2DB8009339FA /* Info.plist */,
			);
			path = SpotifyLoginDemo;
			sourceTree = "<group>";
		};
		3928D3841C7B2DB8009339FA /* SpotifyLoginDemoTests */ = {
			isa = PBXGroup;
			children = (
				3928D3851C7B2DB8009339FA /* SpotifyLoginDemoTests.swift */,
				3928D3871C7B2DB8009339FA /* Info.plist */,
			);
			path = SpotifyLoginDemoTests;
			sourceTree = "<group>";
		};
		3928D38F1C7B2DB8009339FA /* SpotifyLoginDemoUITests */ = {
			isa = PBXGroup;
			children = (
				3928D3901C7B2DB8009339FA /* SpotifyLoginDemoUITests.swift */,
				3928D3921C7B2DB8009339FA /* Info.plist */,
			);
			path = SpotifyLoginDemoUITests;
			sourceTree = "<group>";
		};
		39FE88F11C7C5D5A008CF33B /* SnapKit */ = {
			isa = PBXGroup;
			children = (
				39FE88F21C7C5D5A008CF33B /* LICENSE */,
				39FE88F41C7C5D5A008CF33B /* Source */,
			);
			path = SnapKit;
			sourceTree = "<group>";
		};
		39FE88F41C7C5D5A008CF33B /* Source */ = {
			isa = PBXGroup;
			children = (
				39FE88F51C7C5D5A008CF33B /* Constraint.swift */,
				39FE88F61C7C5D5A008CF33B /* ConstraintAttributes.swift */,
				39FE88F71C7C5D5A008CF33B /* ConstraintDescription.swift */,
				39FE88F81C7C5D5A008CF33B /* ConstraintItem.swift */,
				39FE88F91C7C5D5A008CF33B /* ConstraintMaker.swift */,
				39FE88FA1C7C5D5A008CF33B /* ConstraintRelation.swift */,
				39FE88FB1C7C5D5A008CF33B /* Debugging.swift */,
				39FE88FC1C7C5D5A008CF33B /* EdgeInsets.swift */,
				39FE88FD1C7C5D5A008CF33B /* LayoutConstraint.swift */,
				39FE88FE1C7C5D5A008CF33B /* SnapKit.swift */,
				39FE88FF1C7C5D5A008CF33B /* View+SnapKit.swift */,
				39FE89001C7C5D5A008CF33B /* ViewController+SnapKit.swift */,
			);
			path = Source;
			sourceTree = "<group>";
		};
/* End PBXGroup section */

/* Begin PBXNativeTarget section */
		3928D36C1C7B2DB8009339FA /* SpotifyLoginDemo */ = {
			isa = PBXNativeTarget;
			buildConfigurationList = 3928D3951C7B2DB8009339FA /* Build configuration list for PBXNativeTarget "SpotifyLoginDemo" */;
			buildPhases = (
				3928D3691C7B2DB8009339FA /* Sources */,
				3928D36A1C7B2DB8009339FA /* Frameworks */,
				3928D36B1C7B2DB8009339FA /* Resources */,
			);
			buildRules = (
			);
			dependencies = (
			);
			name = SpotifyLoginDemo;
			productName = SpotifyLoginDemo;
			productReference = 3928D36D1C7B2DB8009339FA /* SpotifyLoginDemo.app */;
			productType = "com.apple.product-type.application";
		};
		3928D3801C7B2DB8009339FA /* SpotifyLoginDemoTests */ = {
			isa = PBXNativeTarget;
			buildConfigurationList = 3928D3981C7B2DB8009339FA /* Build configuration list for PBXNativeTarget "SpotifyLoginDemoTests" */;
			buildPhases = (
				3928D37D1C7B2DB8009339FA /* Sources */,
				3928D37E1C7B2DB8009339FA /* Frameworks */,
				3928D37F1C7B2DB8009339FA /* Resources */,
			);
			buildRules = (
			);
			dependencies = (
				3928D3831C7B2DB8009339FA /* PBXTargetDependency */,
			);
			name = SpotifyLoginDemoTests;
			productName = SpotifyLoginDemoTests;
			productReference = 3928D3811C7B2DB8009339FA /* SpotifyLoginDemoTests.xctest */;
			productType = "com.apple.product-type.bundle.unit-test";
		};
		3928D38B1C7B2DB8009339FA /* SpotifyLoginDemoUITests */ = {
			isa = PBXNativeTarget;
			buildConfigurationList = 3928D39B1C7B2DB8009339FA /* Build configuration list for PBXNativeTarget "SpotifyLoginDemoUITests" */;
			buildPhases = (
				3928D3881C7B2DB8009339FA /* Sources */,
				3928D3891C7B2DB8009339FA /* Frameworks */,
				3928D38A1C7B2DB8009339FA /* Resources */,
			);
			buildRules = (
			);
			dependencies = (
				3928D38E1C7B2DB8009339FA /* PBXTargetDependency */,
			);
			name = SpotifyLoginDemoUITests;
			productName = SpotifyLoginDemoUITests;
			productReference = 3928D38C1C7B2DB8009339FA /* SpotifyLoginDemoUITests.xctest */;
			productType = "com.apple.product-type.bundle.ui-testing";
		};
/* End PBXNativeTarget section */

/* Begin PBXProject section */
		3928D3651C7B2DB8009339FA /* Project object */ = {
			isa = PBXProject;
			attributes = {
				CLASSPREFIX = JC;
				LastSwiftUpdateCheck = 0720;
				LastUpgradeCheck = 0720;
				ORGANIZATIONNAME = chenjunpu;
				TargetAttributes = {
					3928D36C1C7B2DB8009339FA = {
						CreatedOnToolsVersion = 7.2.1;
						DevelopmentTeam = 2ZQJXWTL3D;
					};
					3928D3801C7B2DB8009339FA = {
						CreatedOnToolsVersion = 7.2.1;
						DevelopmentTeam = 2ZQJXWTL3D;
						TestTargetID = 3928D36C1C7B2DB8009339FA;
					};
					3928D38B1C7B2DB8009339FA = {
						CreatedOnToolsVersion = 7.2.1;
						DevelopmentTeam = 2ZQJXWTL3D;
						TestTargetID = 3928D36C1C7B2DB8009339FA;
					};
				};
			};
			buildConfigurationList = 3928D3681C7B2DB8009339FA /* Build configuration list for PBXProject "SpotifyLoginDemo" */;
			compatibilityVersion = "Xcode 3.2";
			developmentRegion = English;
			hasScannedForEncodings = 0;
			knownRegions = (
				en,
				Base,
			);
			mainGroup = 3928D3641C7B2DB8009339FA;
			productRefGroup = 3928D36E1C7B2DB8009339FA /* Products */;
			projectDirPath = "";
			projectRoot = "";
			targets = (
				3928D36C1C7B2DB8009339FA /* SpotifyLoginDemo */,
				3928D3801C7B2DB8009339FA /* SpotifyLoginDemoTests */,
				3928D38B1C7B2DB8009339FA /* SpotifyLoginDemoUITests */,
			);
		};
/* End PBXProject section */

/* Begin PBXResourcesBuildPhase section */
		3928D36B1C7B2DB8009339FA /* Resources */ = {
			isa = PBXResourcesBuildPhase;
			buildActionMask = 2147483647;
			files = (
				39FE89011C7C5D5A008CF33B /* LICENSE in Resources */,
				39FE88CA1C7C5409008CF33B /* m.mp4 in Resources */,
				3928D37B1C7B2DB8009339FA /* LaunchScreen.storyboard in Resources */,
				3928D3781C7B2DB8009339FA /* Assets.xcassets in Resources */,
			);
			runOnlyForDeploymentPostprocessing = 0;
		};
		3928D37F1C7B2DB8009339FA /* Resources */ = {
			isa = PBXResourcesBuildPhase;
			buildActionMask = 2147483647;
			files = (
			);
			runOnlyForDeploymentPostprocessing = 0;
		};
		3928D38A1C7B2DB8009339FA /* Resources */ = {
			isa = PBXResourcesBuildPhase;
			buildActionMask = 2147483647;
			files = (
			);
			runOnlyForDeploymentPostprocessing = 0;
		};
/* End PBXResourcesBuildPhase section */

/* Begin PBXSourcesBuildPhase section */
		3928D3691C7B2DB8009339FA /* Sources */ = {
			isa = PBXSourcesBuildPhase;
			buildActionMask = 2147483647;
			files = (
				39FE890B1C7C5D5A008CF33B /* LayoutConstraint.swift in Sources */,
				39FE88CC1C7C56FE008CF33B /* WelcomeViewController.swift in Sources */,
				3928D3711C7B2DB8009339FA /* AppDelegate.swift in Sources */,
				39FE890A1C7C5D5A008CF33B /* EdgeInsets.swift in Sources */,
				39FE89071C7C5D5A008CF33B /* ConstraintMaker.swift in Sources */,
				39FE890C1C7C5D5A008CF33B /* SnapKit.swift in Sources */,
				39FE89091C7C5D5A008CF33B /* Debugging.swift in Sources */,
				39FE89061C7C5D5A008CF33B /* ConstraintItem.swift in Sources */,
				39FE89041C7C5D5A008CF33B /* ConstraintAttributes.swift in Sources */,
				39614D801C81282300347BF9 /* JCLoopView.swift in Sources */,
				39FE89081C7C5D5A008CF33B /* ConstraintRelation.swift in Sources */,
				39FE890E1C7C5D5A008CF33B /* ViewController+SnapKit.swift in Sources */,
				39FE890D1C7C5D5A008CF33B /* View+SnapKit.swift in Sources */,
				39FE89031C7C5D5A008CF33B /* Constraint.swift in Sources */,
				39FE89051C7C5D5A008CF33B /* ConstraintDescription.swift in Sources */,
				3928D3A01C7B2F99009339FA /* JCVideoController.swift in Sources */,
			);
			runOnlyForDeploymentPostprocessing = 0;
		};
		3928D37D1C7B2DB8009339FA /* Sources */ = {
			isa = PBXSourcesBuildPhase;
			buildActionMask = 2147483647;
			files = (
				3928D3861C7B2DB8009339FA /* SpotifyLoginDemoTests.swift in Sources */,
			);
			runOnlyForDeploymentPostprocessing = 0;
		};
		3928D3881C7B2DB8009339FA /* Sources */ = {
			isa = PBXSourcesBuildPhase;
			buildActionMask = 2147483647;
			files = (
				3928D3911C7B2DB8009339FA /* SpotifyLoginDemoUITests.swift in Sources */,
			);
			runOnlyForDeploymentPostprocessing = 0;
		};
/* End PBXSourcesBuildPhase section */

/* Begin PBXTargetDependency section */
		3928D3831C7B2DB8009339FA /* PBXTargetDependency */ = {
			isa = PBXTargetDependency;
			target = 3928D36C1C7B2DB8009339FA /* SpotifyLoginDemo */;
			targetProxy = 3928D3821C7B2DB8009339FA /* PBXContainerItemProxy */;
		};
		3928D38E1C7B2DB8009339FA /* PBXTargetDependency */ = {
			isa = PBXTargetDependency;
			target = 3928D36C1C7B2DB8009339FA /* SpotifyLoginDemo */;
			targetProxy = 3928D38D1C7B2DB8009339FA /* PBXContainerItemProxy */;
		};
/* End PBXTargetDependency section */

/* Begin PBXVariantGroup section */
		3928D3791C7B2DB8009339FA /* LaunchScreen.storyboard */ = {
			isa = PBXVariantGroup;
			children = (
				3928D37A1C7B2DB8009339FA /* Base */,
			);
			name = LaunchScreen.storyboard;
			sourceTree = "<group>";
		};
/* End PBXVariantGroup section */

/* Begin XCBuildConfiguration section */
		3928D3931C7B2DB8009339FA /* Debug */ = {
			isa = XCBuildConfiguration;
			buildSettings = {
				ALWAYS_SEARCH_USER_PATHS = NO;
				CLANG_CXX_LANGUAGE_STANDARD = "gnu++0x";
				CLANG_CXX_LIBRARY = "libc++";
				CLANG_ENABLE_MODULES = YES;
				CLANG_ENABLE_OBJC_ARC = YES;
				CLANG_WARN_BOOL_CONVERSION = YES;
				CLANG_WARN_CONSTANT_CONVERSION = YES;
				CLANG_WARN_DIRECT_OBJC_ISA_USAGE = YES_ERROR;
				CLANG_WARN_EMPTY_BODY = YES;
				CLANG_WARN_ENUM_CONVERSION = YES;
				CLANG_WARN_INT_CONVERSION = YES;
				CLANG_WARN_OBJC_ROOT_CLASS = YES_ERROR;
				CLANG_WARN_UNREACHABLE_CODE = YES;
				CLANG_WARN__DUPLICATE_METHOD_MATCH = YES;
				"CODE_SIGN_IDENTITY[sdk=iphoneos*]" = "iPhone Developer";
				COPY_PHASE_STRIP = NO;
				DEBUG_INFORMATION_FORMAT = dwarf;
				ENABLE_STRICT_OBJC_MSGSEND = YES;
				ENABLE_TESTABILITY = YES;
				GCC_C_LANGUAGE_STANDARD = gnu99;
				GCC_DYNAMIC_NO_PIC = NO;
				GCC_NO_COMMON_BLOCKS = YES;
				GCC_OPTIMIZATION_LEVEL = 0;
				GCC_PREPROCESSOR_DEFINITIONS = (
					"DEBUG=1",
					"$(inherited)",
				);
				GCC_WARN_64_TO_32_BIT_CONVERSION = YES;
				GCC_WARN_ABOUT_RETURN_TYPE = YES_ERROR;
				GCC_WARN_UNDECLARED_SELECTOR = YES;
				GCC_WARN_UNINITIALIZED_AUTOS = YES_AGGRESSIVE;
				GCC_WARN_UNUSED_FUNCTION = YES;
				GCC_WARN_UNUSED_VARIABLE = YES;
				IPHONEOS_DEPLOYMENT_TARGET = 9.2;
				MTL_ENABLE_DEBUG_INFO = YES;
				ONLY_ACTIVE_ARCH = YES;
				SDKROOT = iphoneos;
				SWIFT_OPTIMIZATION_LEVEL = "-Onone";
			};
			name = Debug;
		};
		3928D3941C7B2DB8009339FA /* Release */ = {
			isa = XCBuildConfiguration;
			buildSettings = {
				ALWAYS_SEARCH_USER_PATHS = NO;
				CLANG_CXX_LANGUAGE_STANDARD = "gnu++0x";
				CLANG_CXX_LIBRARY = "libc++";
				CLANG_ENABLE_MODULES = YES;
				CLANG_ENABLE_OBJC_ARC = YES;
				CLANG_WARN_BOOL_CONVERSION = YES;
				CLANG_WARN_CONSTANT_CONVERSION = YES;
				CLANG_WARN_DIRECT_OBJC_ISA_USAGE = YES_ERROR;
				CLANG_WARN_EMPTY_BODY = YES;
				CLANG_WARN_ENUM_CONVERSION = YES;
				CLANG_WARN_INT_CONVERSION = YES;
				CLANG_WARN_OBJC_ROOT_CLASS = YES_ERROR;
				CLANG_WARN_UNREACHABLE_CODE = YES;
				CLANG_WARN__DUPLICATE_METHOD_MATCH = YES;
				"CODE_SIGN_IDENTITY[sdk=iphoneos*]" = "iPhone Developer";
				COPY_PHASE_STRIP = NO;
				DEBUG_INFORMATION_FORMAT = "dwarf-with-dsym";
				ENABLE_NS_ASSERTIONS = NO;
				ENABLE_STRICT_OBJC_MSGSEND = YES;
				GCC_C_LANGUAGE_STANDARD = gnu99;
				GCC_NO_COMMON_BLOCKS = YES;
				GCC_WARN_64_TO_32_BIT_CONVERSION = YES;
				GCC_WARN_ABOUT_RETURN_TYPE = YES_ERROR;
				GCC_WARN_UNDECLARED_SELECTOR = YES;
				GCC_WARN_UNINITIALIZED_AUTOS = YES_AGGRESSIVE;
				GCC_WARN_UNUSED_FUNCTION = YES;
				GCC_WARN_UNUSED_VARIABLE = YES;
				IPHONEOS_DEPLOYMENT_TARGET = 9.2;
				MTL_ENABLE_DEBUG_INFO = NO;
				SDKROOT = iphoneos;
				VALIDATE_PRODUCT = YES;
			};
			name = Release;
		};
		3928D3961C7B2DB8009339FA /* Debug */ = {
			isa = XCBuildConfiguration;
			buildSettings = {
				ASSETCATALOG_COMPILER_APPICON_NAME = AppIcon;
				INFOPLIST_FILE = SpotifyLoginDemo/Info.plist;
				IPHONEOS_DEPLOYMENT_TARGET = 8.0;
				LD_RUNPATH_SEARCH_PATHS = "$(inherited) @executable_path/Frameworks";
				PRODUCT_BUNDLE_IDENTIFIER = chenjunpu.SpotifyLoginDemo;
				PRODUCT_NAME = "$(TARGET_NAME)";
			};
			name = Debug;
		};
		3928D3971C7B2DB8009339FA /* Release */ = {
			isa = XCBuildConfiguration;
			buildSettings = {
				ASSETCATALOG_COMPILER_APPICON_NAME = AppIcon;
				INFOPLIST_FILE = SpotifyLoginDemo/Info.plist;
				IPHONEOS_DEPLOYMENT_TARGET = 8.0;
				LD_RUNPATH_SEARCH_PATHS = "$(inherited) @executable_path/Frameworks";
				PRODUCT_BUNDLE_IDENTIFIER = chenjunpu.SpotifyLoginDemo;
				PRODUCT_NAME = "$(TARGET_NAME)";
			};
			name = Release;
		};
		3928D3991C7B2DB8009339FA /* Debug */ = {
			isa = XCBuildConfiguration;
			buildSettings = {
				BUNDLE_LOADER = "$(TEST_HOST)";
				INFOPLIST_FILE = SpotifyLoginDemoTests/Info.plist;
				LD_RUNPATH_SEARCH_PATHS = "$(inherited) @executable_path/Frameworks @loader_path/Frameworks";
				PRODUCT_BUNDLE_IDENTIFIER = chenjunpu.SpotifyLoginDemoTests;
				PRODUCT_NAME = "$(TARGET_NAME)";
				TEST_HOST = "$(BUILT_PRODUCTS_DIR)/SpotifyLoginDemo.app/SpotifyLoginDemo";
			};
			name = Debug;
		};
		3928D39A1C7B2DB8009339FA /* Release */ = {
			isa = XCBuildConfiguration;
			buildSettings = {
				BUNDLE_LOADER = "$(TEST_HOST)";
				INFOPLIST_FILE = SpotifyLoginDemoTests/Info.plist;
				LD_RUNPATH_SEARCH_PATHS = "$(inherited) @executable_path/Frameworks @loader_path/Frameworks";
				PRODUCT_BUNDLE_IDENTIFIER = chenjunpu.SpotifyLoginDemoTests;
				PRODUCT_NAME = "$(TARGET_NAME)";
				TEST_HOST = "$(BUILT_PRODUCTS_DIR)/SpotifyLoginDemo.app/SpotifyLoginDemo";
			};
			name = Release;
		};
		3928D39C1C7B2DB8009339FA /* Debug */ = {
			isa = XCBuildConfiguration;
			buildSettings = {
				INFOPLIST_FILE = SpotifyLoginDemoUITests/Info.plist;
				LD_RUNPATH_SEARCH_PATHS = "$(inherited) @executable_path/Frameworks @loader_path/Frameworks";
				PRODUCT_BUNDLE_IDENTIFIER = chenjunpu.SpotifyLoginDemoUITests;
				PRODUCT_NAME = "$(TARGET_NAME)";
				TEST_TARGET_NAME = SpotifyLoginDemo;
				USES_XCTRUNNER = YES;
			};
			name = Debug;
		};
		3928D39D1C7B2DB8009339FA /* Release */ = {
			isa = XCBuildConfiguration;
			buildSettings = {
				INFOPLIST_FILE = SpotifyLoginDemoUITests/Info.plist;
				LD_RUNPATH_SEARCH_PATHS = "$(inherited) @executable_path/Frameworks @loader_path/Frameworks";
				PRODUCT_BUNDLE_IDENTIFIER = chenjunpu.SpotifyLoginDemoUITests;
				PRODUCT_NAME = "$(TARGET_NAME)";
				TEST_TARGET_NAME = SpotifyLoginDemo;
				USES_XCTRUNNER = YES;
			};
			name = Release;
		};
/* End XCBuildConfiguration section */

/* Begin XCConfigurationList section */
		3928D3681C7B2DB8009339FA /* Build configuration list for PBXProject "SpotifyLoginDemo" */ = {
			isa = XCConfigurationList;
			buildConfigurations = (
				3928D3931C7B2DB8009339FA /* Debug */,
				3928D3941C7B2DB8009339FA /* Release */,
			);
			defaultConfigurationIsVisible = 0;
			defaultConfigurationName = Release;
		};
		3928D3951C7B2DB8009339FA /* Build configuration list for PBXNativeTarget "SpotifyLoginDemo" */ = {
			isa = XCConfigurationList;
			buildConfigurations = (
				3928D3961C7B2DB8009339FA /* Debug */,
				3928D3971C7B2DB8009339FA /* Release */,
			);
			defaultConfigurationIsVisible = 0;
			defaultConfigurationName = Release;
		};
		3928D3981C7B2DB8009339FA /* Build configuration list for PBXNativeTarget "SpotifyLoginDemoTests" */ = {
			isa = XCConfigurationList;
			buildConfigurations = (
				3928D3991C7B2DB8009339FA /* Debug */,
				3928D39A1C7B2DB8009339FA /* Release */,
			);
			defaultConfigurationIsVisible = 0;
			defaultConfigurationName = Release;
		};
		3928D39B1C7B2DB8009339FA /* Build configuration list for PBXNativeTarget "SpotifyLoginDemoUITests" */ = {
			isa = XCConfigurationList;
			buildConfigurations = (
				3928D39C1C7B2DB8009339FA /* Debug */,
				3928D39D1C7B2DB8009339FA /* Release */,
			);
			defaultConfigurationIsVisible = 0;
			defaultConfigurationName = Release;
		};
/* End XCConfigurationList section */
	};
	rootObject = 3928D3651C7B2DB8009339FA /* Project object */;
}
